{
  "name": "todolist",
  "version": "0.1.0",
  "lockfileVersion": 1,
  "requires": true,
  "dependencies": {
    "react-native-popup": {
      "version": "0.6.1",
      "resolved": "https://registry.npmjs.org/react-native-popup/-/react-native-popup-0.6.1.tgz",
      "integrity": "sha1-zJp7jmNnbMA27hIE45N7gcDJcAk="
    }
  }
}
